
Microsoft Visual Studio Solution File, Format Version 12.00
# Visual Studio Version 17
VisualStudioVersion = 17.9.34701.34
MinimumVisualStudioVersion = 10.0.40219.1
Project("{FAE04EC0-301F-11D3-BF4B-00C04F79EFBC}") = "BlogWeb", "BlogWeb\BlogWeb.csproj", "{89F09851-8004-4943-A350-D5DDB04560AB}"
EndProject
Global
	GlobalSection(SolutionConfigurationPlatforms) = preSolution
		Debug|Any CPU = Debug|Any CPU
		Release|Any CPU = Release|Any CPU
	EndGlobalSection
	GlobalSection(ProjectConfigurationPlatforms) = postSolution
		{89F09851-8004-4943-A350-D5DDB04560AB}.Debug|Any CPU.ActiveCfg = Debug|Any CPU
		{89F09851-8004-4943-A350-D5DDB04560AB}.Debug|Any CPU.Build.0 = Debug|Any CPU
		{89F09851-8004-4943-A350-D5DDB04560AB}.Release|Any CPU.ActiveCfg = Release|Any CPU
		{89F09851-8004-4943-A350-D5DDB04560AB}.Release|Any CPU.Build.0 = Release|Any CPU
	EndGlobalSection
	GlobalSection(SolutionProperties) = preSolution
		HideSolutionNode = FALSE
	EndGlobalSection
	GlobalSection(ExtensibilityGlobals) = postSolution
		SolutionGuid = {1194A83F-D890-41DD-8F7D-78C6FC4F7315}
	EndGlobalSection
EndGlobal
